
Microsoft Visual Studio Solution File, Format Version 12.00
# Visual Studio Version 17
VisualStudioVersion = 17.0.31903.59
MinimumVisualStudioVersion = 10.0.40219.1
Project("{FAE04EC0-301F-11D3-BF4B-00C04F79EFBC}") = "API", "API\API.csproj", "{4AE458A8-DCB8-4A41-9EC6-8DB5B014C247}"
EndProject
Project("{FAE04EC0-301F-11D3-BF4B-00C04F79EFBC}") = "Application", "Application\Application.csproj", "{493F8A86-3EC9-4C86-94DB-1A4CF5453734}"
EndProject
Project("{FAE04EC0-301F-11D3-BF4B-00C04F79EFBC}") = "Domain", "Domain\Domain.csproj", "{8607F898-A4DD-475A-9BFB-D2E6DD41617E}"
EndProject
Project("{FAE04EC0-301F-11D3-BF4B-00C04F79EFBC}") = "Persistence", "Persistence\Persistence.csproj", "{15C4AA97-5D53-47E9-BCE9-AED470C6E638}"
EndProject
Global
	GlobalSection(SolutionConfigurationPlatforms) = preSolution
		Debug|Any CPU = Debug|Any CPU
		Release|Any CPU = Release|Any CPU
	EndGlobalSection
	GlobalSection(SolutionProperties) = preSolution
		HideSolutionNode = FALSE
	EndGlobalSection
	GlobalSection(ProjectConfigurationPlatforms) = postSolution
		{4AE458A8-DCB8-4A41-9EC6-8DB5B014C247}.Debug|Any CPU.ActiveCfg = Debug|Any CPU
		{4AE458A8-DCB8-4A41-9EC6-8DB5B014C247}.Debug|Any CPU.Build.0 = Debug|Any CPU
		{4AE458A8-DCB8-4A41-9EC6-8DB5B014C247}.Release|Any CPU.ActiveCfg = Release|Any CPU
		{4AE458A8-DCB8-4A41-9EC6-8DB5B014C247}.Release|Any CPU.Build.0 = Release|Any CPU
		{493F8A86-3EC9-4C86-94DB-1A4CF5453734}.Debug|Any CPU.ActiveCfg = Debug|Any CPU
		{493F8A86-3EC9-4C86-94DB-1A4CF5453734}.Debug|Any CPU.Build.0 = Debug|Any CPU
		{493F8A86-3EC9-4C86-94DB-1A4CF5453734}.Release|Any CPU.ActiveCfg = Release|Any CPU
		{493F8A86-3EC9-4C86-94DB-1A4CF5453734}.Release|Any CPU.Build.0 = Release|Any CPU
		{8607F898-A4DD-475A-9BFB-D2E6DD41617E}.Debug|Any CPU.ActiveCfg = Debug|Any CPU
		{8607F898-A4DD-475A-9BFB-D2E6DD41617E}.Debug|Any CPU.Build.0 = Debug|Any CPU
		{8607F898-A4DD-475A-9BFB-D2E6DD41617E}.Release|Any CPU.ActiveCfg = Release|Any CPU
		{8607F898-A4DD-475A-9BFB-D2E6DD41617E}.Release|Any CPU.Build.0 = Release|Any CPU
		{15C4AA97-5D53-47E9-BCE9-AED470C6E638}.Debug|Any CPU.ActiveCfg = Debug|Any CPU
		{15C4AA97-5D53-47E9-BCE9-AED470C6E638}.Debug|Any CPU.Build.0 = Debug|Any CPU
		{15C4AA97-5D53-47E9-BCE9-AED470C6E638}.Release|Any CPU.ActiveCfg = Release|Any CPU
		{15C4AA97-5D53-47E9-BCE9-AED470C6E638}.Release|Any CPU.Build.0 = Release|Any CPU
	EndGlobalSection
EndGlobal
